// !$*UTF8*$!
{
	archiveVersion = 1;
	classes = {
	};
	objectVersion = 77;
	objects = {

/* Begin PBXBuildFile section */
		3D0BCBFB2D3EC5B400DC38EF /* DashboardModels.swift in Sources */ = {isa = PBXBuildFile; fileRef = 3D0BCBFA2D3EC5AF00DC38EF /* DashboardModels.swift */; };
		3D0EC9562D40247C0085514B /* TransactionModel.swift in Sources */ = {isa = PBXBuildFile; fileRef = 3D0EC9552D4024790085514B /* TransactionModel.swift */; };
		3D0EC9582D4024BA0085514B /* ExpenseModel.swift in Sources */ = {isa = PBXBuildFile; fileRef = 3D0EC9572D4024B80085514B /* ExpenseModel.swift */; };
		3D0EC95A2D4024DB0085514B /* GoalModel.swift in Sources */ = {isa = PBXBuildFile; fileRef = 3D0EC9592D4024DA0085514B /* GoalModel.swift */; };
		3D0EC95D2D4026DF0085514B /* TransactionCell.swift in Sources */ = {isa = PBXBuildFile; fileRef = 3D0EC95C2D4026DE0085514B /* TransactionCell.swift */; };
		3D0EC95F2D4027120085514B /* ExpenseCell.swift in Sources */ = {isa = PBXBuildFile; fileRef = 3D0EC95E2D40270F0085514B /* ExpenseCell.swift */; };
		3D0EC9612D4027320085514B /* GoalCell.swift in Sources */ = {isa = PBXBuildFile; fileRef = 3D0EC9602D4027310085514B /* GoalCell.swift */; };
		3D0EC9652D4028140085514B /* ExpenseChartCell.swift in Sources */ = {isa = PBXBuildFile; fileRef = 3D0EC9642D4028120085514B /* ExpenseChartCell.swift */; };
		3D0EC96D2D4030F70085514B /* BudgetPieChartView.swift in Sources */ = {isa = PBXBuildFile; fileRef = 3D0EC96C2D4030F50085514B /* BudgetPieChartView.swift */; };
		3D0EC96F2D4037380085514B /* ExpenseToBePaidCell.swift in Sources */ = {isa = PBXBuildFile; fileRef = 3D0EC96E2D4037370085514B /* ExpenseToBePaidCell.swift */; };
		3D0EC9712D4037F70085514B /* AddGoalCell.swift in Sources */ = {isa = PBXBuildFile; fileRef = 3D0EC9702D4037F60085514B /* AddGoalCell.swift */; };
		3D31C4212D44F45A008AE5B4 /* TransactionCategoryCell.swift in Sources */ = {isa = PBXBuildFile; fileRef = 3D31C4202D44F458008AE5B4 /* TransactionCategoryCell.swift */; };
		3D31C4252D450A74008AE5B4 /* UIHelper.swift in Sources */ = {isa = PBXBuildFile; fileRef = 3D31C4242D450A72008AE5B4 /* UIHelper.swift */; };
		3D31C4292D45418C008AE5B4 /* AddGoalView.swift in Sources */ = {isa = PBXBuildFile; fileRef = 3D31C4282D45418B008AE5B4 /* AddGoalView.swift */; };
		3D31C42B2D4541EA008AE5B4 /* AddGoalHostingController.swift in Sources */ = {isa = PBXBuildFile; fileRef = 3D31C42A2D4541E8008AE5B4 /* AddGoalHostingController.swift */; };
		3D44B4C42D42A6CE00CFB770 /* MoreMenuItem.swift in Sources */ = {isa = PBXBuildFile; fileRef = 3D44B4C32D42A6C200CFB770 /* MoreMenuItem.swift */; };
		3D44B4C62D42A6EE00CFB770 /* MoreMenuViewModel.swift in Sources */ = {isa = PBXBuildFile; fileRef = 3D44B4C52D42A6EC00CFB770 /* MoreMenuViewModel.swift */; };
		3D44B4C82D42A70F00CFB770 /* MoreMenuItemRow.swift in Sources */ = {isa = PBXBuildFile; fileRef = 3D44B4C72D42A70E00CFB770 /* MoreMenuItemRow.swift */; };
		3D44B4CA2D42A72400CFB770 /* MoreMenuView.swift in Sources */ = {isa = PBXBuildFile; fileRef = 3D44B4C92D42A72200CFB770 /* MoreMenuView.swift */; };
		3D44B4CC2D42A81B00CFB770 /* MoreMenuHostingController.swift in Sources */ = {isa = PBXBuildFile; fileRef = 3D44B4CB2D42A81800CFB770 /* MoreMenuHostingController.swift */; };
		3D44B4CE2D42AFE200CFB770 /* BankCard.swift in Sources */ = {isa = PBXBuildFile; fileRef = 3D44B4CD2D42AFE100CFB770 /* BankCard.swift */; };
		3D44B4D02D42B01500CFB770 /* CardsAccountsViewModel.swift in Sources */ = {isa = PBXBuildFile; fileRef = 3D44B4CF2D42B01400CFB770 /* CardsAccountsViewModel.swift */; };
		3D44B4D22D42B02C00CFB770 /* CardItemView.swift in Sources */ = {isa = PBXBuildFile; fileRef = 3D44B4D12D42B02B00CFB770 /* CardItemView.swift */; };
		3D44B4D42D42B05500CFB770 /* CardsAccountsView.swift in Sources */ = {isa = PBXBuildFile; fileRef = 3D44B4D32D42B05300CFB770 /* CardsAccountsView.swift */; };
		3D73F5A32D3ED1B100858131 /* MultiLineChartView.swift in Sources */ = {isa = PBXBuildFile; fileRef = 3D73F5A22D3ED1AF00858131 /* MultiLineChartView.swift */; };
		3D73F5A72D3ED98300858131 /* Codable+Dictionary.swift in Sources */ = {isa = PBXBuildFile; fileRef = 3D73F5A42D3ED98300858131 /* Codable+Dictionary.swift */; };
		3D73F5A82D3ED98300858131 /* ColorExtensions.swift in Sources */ = {isa = PBXBuildFile; fileRef = 3D73F5A52D3ED98300858131 /* ColorExtensions.swift */; };
		3D79E2462D3CFE6400268968 /* CustomNumberPad.swift in Sources */ = {isa = PBXBuildFile; fileRef = 3D79E2452D3CFE6200268968 /* CustomNumberPad.swift */; };
		3D79E2482D3CFE8900268968 /* CategoryCell.swift in Sources */ = {isa = PBXBuildFile; fileRef = 3D79E2472D3CFE8700268968 /* CategoryCell.swift */; };
		3D79E2522D3D64B300268968 /* MockDashboardData.swift in Sources */ = {isa = PBXBuildFile; fileRef = 3D79E2512D3D64B000268968 /* MockDashboardData.swift */; };
		3D79E2542D3D64DD00268968 /* BarChartView.swift in Sources */ = {isa = PBXBuildFile; fileRef = 3D79E2532D3D64DB00268968 /* BarChartView.swift */; };
		3D79E2562D3D64F200268968 /* LineChartView.swift in Sources */ = {isa = PBXBuildFile; fileRef = 3D79E2552D3D64F000268968 /* LineChartView.swift */; };
		3D79E2582D3D650B00268968 /* AreaChartView.swift in Sources */ = {isa = PBXBuildFile; fileRef = 3D79E2572D3D650900268968 /* AreaChartView.swift */; };
		3D79E25F2D3D7CEF00268968 /* MockTransactions.swift in Sources */ = {isa = PBXBuildFile; fileRef = 3D79E25E2D3D7CED00268968 /* MockTransactions.swift */; };
		3D8FE9EF2D3BEC53000360CE /* FirebaseAuth in Frameworks */ = {isa = PBXBuildFile; productRef = 3D8FE9EE2D3BEC53000360CE /* FirebaseAuth */; };
		3D8FE9F12D3BEC53000360CE /* FirebaseCore in Frameworks */ = {isa = PBXBuildFile; productRef = 3D8FE9F02D3BEC53000360CE /* FirebaseCore */; };
		3D8FE9F32D3BEC53000360CE /* FirebaseFirestore in Frameworks */ = {isa = PBXBuildFile; productRef = 3D8FE9F22D3BEC53000360CE /* FirebaseFirestore */; };
		3D8FEA072D3BF4AB000360CE /* AppDelegate.swift in Sources */ = {isa = PBXBuildFile; fileRef = 3D8FE9F72D3BF4AB000360CE /* AppDelegate.swift */; };
		3D8FEA082D3BF4AB000360CE /* SceneDelegate.swift in Sources */ = {isa = PBXBuildFile; fileRef = 3D8FE9F82D3BF4AB000360CE /* SceneDelegate.swift */; };
		3D8FEA092D3BF4AB000360CE /* LoginViewController.swift in Sources */ = {isa = PBXBuildFile; fileRef = 3D8FEA022D3BF4AB000360CE /* LoginViewController.swift */; };
		3D8FEA0A2D3BF4AB000360CE /* SignUpViewController.swift in Sources */ = {isa = PBXBuildFile; fileRef = 3D8FEA032D3BF4AB000360CE /* SignUpViewController.swift */; };
		3D8FEA0C2D3BF4AB000360CE /* Assets.xcassets in Resources */ = {isa = PBXBuildFile; fileRef = 3D8FE9FC2D3BF4AB000360CE /* Assets.xcassets */; };
		3D8FEA0D2D3BF4AB000360CE /* LaunchScreen.storyboard in Resources */ = {isa = PBXBuildFile; fileRef = 3D8FE9FE2D3BF4AB000360CE /* LaunchScreen.storyboard */; };
		3D8FEA0F2D3C1FC2000360CE /* GoogleService-Info.plist in Resources */ = {isa = PBXBuildFile; fileRef = 3D8FEA0E2D3C1FC2000360CE /* GoogleService-Info.plist */; };
		3D8FEA112D3C1FC2000360CE /* GoogleService-Info.plist in Resources */ = {isa = PBXBuildFile; fileRef = 3D8FEA0E2D3C1FC2000360CE /* GoogleService-Info.plist */; };
		3D8FEA122D3C24FE000360CE /* GoogleService-Info.plist in Resources */ = {isa = PBXBuildFile; fileRef = 3D8FEA0E2D3C1FC2000360CE /* GoogleService-Info.plist */; };
		3D8FEA142D3C2C08000360CE /* TabBarController.swift in Sources */ = {isa = PBXBuildFile; fileRef = 3D8FEA132D3C2C02000360CE /* TabBarController.swift */; };
		3D8FEA162D3C2C39000360CE /* DashboardView.swift in Sources */ = {isa = PBXBuildFile; fileRef = 3D8FEA152D3C2C35000360CE /* DashboardView.swift */; };
		3D8FEA182D3C2C72000360CE /* BudgetViewController.swift in Sources */ = {isa = PBXBuildFile; fileRef = 3D8FEA172D3C2C6F000360CE /* BudgetViewController.swift */; };
		3D8FEA1A2D3C2C8F000360CE /* AddTransactionViewController.swift in Sources */ = {isa = PBXBuildFile; fileRef = 3D8FEA192D3C2C8D000360CE /* AddTransactionViewController.swift */; };
		3D8FEA1C2D3C2CB1000360CE /* AdvicesView.swift in Sources */ = {isa = PBXBuildFile; fileRef = 3D8FEA1B2D3C2CAE000360CE /* AdvicesView.swift */; };
		3D8FEA1E2D3C2CCB000360CE /* MoreViewController.swift in Sources */ = {isa = PBXBuildFile; fileRef = 3D8FEA1D2D3C2CC8000360CE /* MoreViewController.swift */; };
		3D8FEA202D3C2D43000360CE /* PieChartView.swift in Sources */ = {isa = PBXBuildFile; fileRef = 3D8FEA1F2D3C2D41000360CE /* PieChartView.swift */; };
		3D8FEA222D3C2FB2000360CE /* MainTabBarController.swift in Sources */ = {isa = PBXBuildFile; fileRef = 3D8FEA212D3C2FB0000360CE /* MainTabBarController.swift */; };
		3D8FEA242D3C3D17000360CE /* Category.swift in Sources */ = {isa = PBXBuildFile; fileRef = 3D8FEA232D3C3D15000360CE /* Category.swift */; };
		3D8FEA262D3C3D33000360CE /* Budget.swift in Sources */ = {isa = PBXBuildFile; fileRef = 3D8FEA252D3C3D31000360CE /* Budget.swift */; };
		3D8FEA2A2D3C3D72000360CE /* BankAccount.swift in Sources */ = {isa = PBXBuildFile; fileRef = 3D8FEA292D3C3D71000360CE /* BankAccount.swift */; };
		3D8FEA2C2D3C3DA1000360CE /* FirebaseManager.swift in Sources */ = {isa = PBXBuildFile; fileRef = 3D8FEA2B2D3C3D9E000360CE /* FirebaseManager.swift */; };
/* End PBXBuildFile section */

/* Begin PBXContainerItemProxy section */
		3D8FE9C22D3BB304000360CE /* PBXContainerItemProxy */ = {
			isa = PBXContainerItemProxy;
			containerPortal = 3D8FE9A32D3BB303000360CE /* Project object */;
			proxyType = 1;
			remoteGlobalIDString = 3D8FE9AA2D3BB303000360CE;
			remoteInfo = BudgetTrackerApp;
		};
		3D8FE9CC2D3BB304000360CE /* PBXContainerItemProxy */ = {
			isa = PBXContainerItemProxy;
			containerPortal = 3D8FE9A32D3BB303000360CE /* Project object */;
			proxyType = 1;
			remoteGlobalIDString = 3D8FE9AA2D3BB303000360CE;
			remoteInfo = BudgetTrackerApp;
		};
/* End PBXContainerItemProxy section */

/* Begin PBXFileReference section */
		3D0BCBFA2D3EC5AF00DC38EF /* DashboardModels.swift */ = {isa = PBXFileReference; lastKnownFileType = sourcecode.swift; path = DashboardModels.swift; sourceTree = "<group>"; };
		3D0EC9552D4024790085514B /* TransactionModel.swift */ = {isa = PBXFileReference; lastKnownFileType = sourcecode.swift; path = TransactionModel.swift; sourceTree = "<group>"; };
		3D0EC9572D4024B80085514B /* ExpenseModel.swift */ = {isa = PBXFileReference; lastKnownFileType = sourcecode.swift; path = ExpenseModel.swift; sourceTree = "<group>"; };
		3D0EC9592D4024DA0085514B /* GoalModel.swift */ = {isa = PBXFileReference; lastKnownFileType = sourcecode.swift; path = GoalModel.swift; sourceTree = "<group>"; };
		3D0EC95C2D4026DE0085514B /* TransactionCell.swift */ = {isa = PBXFileReference; lastKnownFileType = sourcecode.swift; path = TransactionCell.swift; sourceTree = "<group>"; };
		3D0EC95E2D40270F0085514B /* ExpenseCell.swift */ = {isa = PBXFileReference; lastKnownFileType = sourcecode.swift; path = ExpenseCell.swift; sourceTree = "<group>"; };
		3D0EC9602D4027310085514B /* GoalCell.swift */ = {isa = PBXFileReference; lastKnownFileType = sourcecode.swift; path = GoalCell.swift; sourceTree = "<group>"; };
		3D0EC9642D4028120085514B /* ExpenseChartCell.swift */ = {isa = PBXFileReference; lastKnownFileType = sourcecode.swift; path = ExpenseChartCell.swift; sourceTree = "<group>"; };
		3D0EC96C2D4030F50085514B /* BudgetPieChartView.swift */ = {isa = PBXFileReference; lastKnownFileType = sourcecode.swift; path = BudgetPieChartView.swift; sourceTree = "<group>"; };
		3D0EC96E2D4037370085514B /* ExpenseToBePaidCell.swift */ = {isa = PBXFileReference; lastKnownFileType = sourcecode.swift; path = ExpenseToBePaidCell.swift; sourceTree = "<group>"; };
		3D0EC9702D4037F60085514B /* AddGoalCell.swift */ = {isa = PBXFileReference; lastKnownFileType = sourcecode.swift; path = AddGoalCell.swift; sourceTree = "<group>"; };
		3D31C4202D44F458008AE5B4 /* TransactionCategoryCell.swift */ = {isa = PBXFileReference; lastKnownFileType = sourcecode.swift; path = TransactionCategoryCell.swift; sourceTree = "<group>"; };
		3D31C4242D450A72008AE5B4 /* UIHelper.swift */ = {isa = PBXFileReference; lastKnownFileType = sourcecode.swift; path = UIHelper.swift; sourceTree = "<group>"; };
		3D31C4282D45418B008AE5B4 /* AddGoalView.swift */ = {isa = PBXFileReference; lastKnownFileType = sourcecode.swift; path = AddGoalView.swift; sourceTree = "<group>"; };
		3D31C42A2D4541E8008AE5B4 /* AddGoalHostingController.swift */ = {isa = PBXFileReference; lastKnownFileType = sourcecode.swift; path = AddGoalHostingController.swift; sourceTree = "<group>"; };
		3D44B4C32D42A6C200CFB770 /* MoreMenuItem.swift */ = {isa = PBXFileReference; lastKnownFileType = sourcecode.swift; path = MoreMenuItem.swift; sourceTree = "<group>"; };
		3D44B4C52D42A6EC00CFB770 /* MoreMenuViewModel.swift */ = {isa = PBXFileReference; lastKnownFileType = sourcecode.swift; path = MoreMenuViewModel.swift; sourceTree = "<group>"; };
		3D44B4C72D42A70E00CFB770 /* MoreMenuItemRow.swift */ = {isa = PBXFileReference; lastKnownFileType = sourcecode.swift; path = MoreMenuItemRow.swift; sourceTree = "<group>"; };
		3D44B4C92D42A72200CFB770 /* MoreMenuView.swift */ = {isa = PBXFileReference; lastKnownFileType = sourcecode.swift; path = MoreMenuView.swift; sourceTree = "<group>"; };
		3D44B4CB2D42A81800CFB770 /* MoreMenuHostingController.swift */ = {isa = PBXFileReference; lastKnownFileType = sourcecode.swift; path = MoreMenuHostingController.swift; sourceTree = "<group>"; };
		3D44B4CD2D42AFE100CFB770 /* BankCard.swift */ = {isa = PBXFileReference; lastKnownFileType = sourcecode.swift; path = BankCard.swift; sourceTree = "<group>"; };
		3D44B4CF2D42B01400CFB770 /* CardsAccountsViewModel.swift */ = {isa = PBXFileReference; lastKnownFileType = sourcecode.swift; path = CardsAccountsViewModel.swift; sourceTree = "<group>"; };
		3D44B4D12D42B02B00CFB770 /* CardItemView.swift */ = {isa = PBXFileReference; lastKnownFileType = sourcecode.swift; path = CardItemView.swift; sourceTree = "<group>"; };
		3D44B4D32D42B05300CFB770 /* CardsAccountsView.swift */ = {isa = PBXFileReference; lastKnownFileType = sourcecode.swift; path = CardsAccountsView.swift; sourceTree = "<group>"; };
		3D73F5A22D3ED1AF00858131 /* MultiLineChartView.swift */ = {isa = PBXFileReference; lastKnownFileType = sourcecode.swift; path = MultiLineChartView.swift; sourceTree = "<group>"; };
		3D73F5A42D3ED98300858131 /* Codable+Dictionary.swift */ = {isa = PBXFileReference; lastKnownFileType = sourcecode.swift; path = "Codable+Dictionary.swift"; sourceTree = "<group>"; };
		3D73F5A52D3ED98300858131 /* ColorExtensions.swift */ = {isa = PBXFileReference; lastKnownFileType = sourcecode.swift; path = ColorExtensions.swift; sourceTree = "<group>"; };
		3D79E2452D3CFE6200268968 /* CustomNumberPad.swift */ = {isa = PBXFileReference; lastKnownFileType = sourcecode.swift; path = CustomNumberPad.swift; sourceTree = "<group>"; };
		3D79E2472D3CFE8700268968 /* CategoryCell.swift */ = {isa = PBXFileReference; lastKnownFileType = sourcecode.swift; path = CategoryCell.swift; sourceTree = "<group>"; };
		3D79E2512D3D64B000268968 /* MockDashboardData.swift */ = {isa = PBXFileReference; lastKnownFileType = sourcecode.swift; path = MockDashboardData.swift; sourceTree = "<group>"; };
		3D79E2532D3D64DB00268968 /* BarChartView.swift */ = {isa = PBXFileReference; lastKnownFileType = sourcecode.swift; path = BarChartView.swift; sourceTree = "<group>"; };
		3D79E2552D3D64F000268968 /* LineChartView.swift */ = {isa = PBXFileReference; lastKnownFileType = sourcecode.swift; path = LineChartView.swift; sourceTree = "<group>"; };
		3D79E2572D3D650900268968 /* AreaChartView.swift */ = {isa = PBXFileReference; lastKnownFileType = sourcecode.swift; path = AreaChartView.swift; sourceTree = "<group>"; };
		3D79E25E2D3D7CED00268968 /* MockTransactions.swift */ = {isa = PBXFileReference; lastKnownFileType = sourcecode.swift; path = MockTransactions.swift; sourceTree = "<group>"; };
		3D8FE9AB2D3BB303000360CE /* BudgetTrackerApp.app */ = {isa = PBXFileReference; explicitFileType = wrapper.application; includeInIndex = 0; path = BudgetTrackerApp.app; sourceTree = BUILT_PRODUCTS_DIR; };
		3D8FE9BC2D3BB304000360CE /* Info.plist */ = {isa = PBXFileReference; lastKnownFileType = text.plist.xml; path = Info.plist; sourceTree = "<group>"; };
		3D8FE9C12D3BB304000360CE /* BudgetTrackerAppTests.xctest */ = {isa = PBXFileReference; explicitFileType = wrapper.cfbundle; includeInIndex = 0; path = BudgetTrackerAppTests.xctest; sourceTree = BUILT_PRODUCTS_DIR; };
		3D8FE9CB2D3BB304000360CE /* BudgetTrackerAppUITests.xctest */ = {isa = PBXFileReference; explicitFileType = wrapper.cfbundle; includeInIndex = 0; path = BudgetTrackerAppUITests.xctest; sourceTree = BUILT_PRODUCTS_DIR; };
		3D8FE9F72D3BF4AB000360CE /* AppDelegate.swift */ = {isa = PBXFileReference; lastKnownFileType = sourcecode.swift; path = AppDelegate.swift; sourceTree = "<group>"; };
		3D8FE9F82D3BF4AB000360CE /* SceneDelegate.swift */ = {isa = PBXFileReference; lastKnownFileType = sourcecode.swift; path = SceneDelegate.swift; sourceTree = "<group>"; };
		3D8FE9FC2D3BF4AB000360CE /* Assets.xcassets */ = {isa = PBXFileReference; lastKnownFileType = folder.assetcatalog; path = Assets.xcassets; sourceTree = "<group>"; };
		3D8FE9FD2D3BF4AB000360CE /* Base */ = {isa = PBXFileReference; lastKnownFileType = file.storyboard; name = Base; path = Base.lproj/LaunchScreen.storyboard; sourceTree = "<group>"; };
		3D8FEA022D3BF4AB000360CE /* LoginViewController.swift */ = {isa = PBXFileReference; lastKnownFileType = sourcecode.swift; path = LoginViewController.swift; sourceTree = "<group>"; };
		3D8FEA032D3BF4AB000360CE /* SignUpViewController.swift */ = {isa = PBXFileReference; lastKnownFileType = sourcecode.swift; path = SignUpViewController.swift; sourceTree = "<group>"; };
		3D8FEA0E2D3C1FC2000360CE /* GoogleService-Info.plist */ = {isa = PBXFileReference; lastKnownFileType = text.plist.xml; path = "GoogleService-Info.plist"; sourceTree = "<group>"; };
		3D8FEA132D3C2C02000360CE /* TabBarController.swift */ = {isa = PBXFileReference; lastKnownFileType = sourcecode.swift; path = TabBarController.swift; sourceTree = "<group>"; };
		3D8FEA152D3C2C35000360CE /* DashboardView.swift */ = {isa = PBXFileReference; lastKnownFileType = sourcecode.swift; path = DashboardView.swift; sourceTree = "<group>"; };
		3D8FEA172D3C2C6F000360CE /* BudgetViewController.swift */ = {isa = PBXFileReference; lastKnownFileType = sourcecode.swift; path = BudgetViewController.swift; sourceTree = "<group>"; };
		3D8FEA192D3C2C8D000360CE /* AddTransactionViewController.swift */ = {isa = PBXFileReference; lastKnownFileType = sourcecode.swift; path = AddTransactionViewController.swift; sourceTree = "<group>"; };
		3D8FEA1B2D3C2CAE000360CE /* AdvicesView.swift */ = {isa = PBXFileReference; lastKnownFileType = sourcecode.swift; path = AdvicesView.swift; sourceTree = "<group>"; };
		3D8FEA1D2D3C2CC8000360CE /* MoreViewController.swift */ = {isa = PBXFileReference; lastKnownFileType = sourcecode.swift; path = MoreViewController.swift; sourceTree = "<group>"; };
		3D8FEA1F2D3C2D41000360CE /* PieChartView.swift */ = {isa = PBXFileReference; lastKnownFileType = sourcecode.swift; path = PieChartView.swift; sourceTree = "<group>"; };
		3D8FEA212D3C2FB0000360CE /* MainTabBarController.swift */ = {isa = PBXFileReference; lastKnownFileType = sourcecode.swift; path = MainTabBarController.swift; sourceTree = "<group>"; };
		3D8FEA232D3C3D15000360CE /* Category.swift */ = {isa = PBXFileReference; lastKnownFileType = sourcecode.swift; path = Category.swift; sourceTree = "<group>"; };
		3D8FEA252D3C3D31000360CE /* Budget.swift */ = {isa = PBXFileReference; lastKnownFileType = sourcecode.swift; path = Budget.swift; sourceTree = "<group>"; };
		3D8FEA292D3C3D71000360CE /* BankAccount.swift */ = {isa = PBXFileReference; lastKnownFileType = sourcecode.swift; path = BankAccount.swift; sourceTree = "<group>"; };
		3D8FEA2B2D3C3D9E000360CE /* FirebaseManager.swift */ = {isa = PBXFileReference; lastKnownFileType = sourcecode.swift; path = FirebaseManager.swift; sourceTree = "<group>"; };
/* End PBXFileReference section */

/* Begin PBXFileSystemSynchronizedRootGroup section */
		3D8FE9C42D3BB304000360CE /* BudgetTrackerAppTests */ = {
			isa = PBXFileSystemSynchronizedRootGroup;
			path = BudgetTrackerAppTests;
			sourceTree = "<group>";
		};
/* End PBXFileSystemSynchronizedRootGroup section */

/* Begin PBXFrameworksBuildPhase section */
		3D8FE9A82D3BB303000360CE /* Frameworks */ = {
			isa = PBXFrameworksBuildPhase;
			buildActionMask = 2147483647;
			files = (
				3D8FE9F12D3BEC53000360CE /* FirebaseCore in Frameworks */,
				3D8FE9EF2D3BEC53000360CE /* FirebaseAuth in Frameworks */,
				3D8FE9F32D3BEC53000360CE /* FirebaseFirestore in Frameworks */,
			);
			runOnlyForDeploymentPostprocessing = 0;
		};
		3D8FE9BE2D3BB304000360CE /* Frameworks */ = {
			isa = PBXFrameworksBuildPhase;
			buildActionMask = 2147483647;
			files = (
			);
			runOnlyForDeploymentPostprocessing = 0;
		};
		3D8FE9C82D3BB304000360CE /* Frameworks */ = {
			isa = PBXFrameworksBuildPhase;
			buildActionMask = 2147483647;
			files = (
			);
			runOnlyForDeploymentPostprocessing = 0;
		};
/* End PBXFrameworksBuildPhase section */

/* Begin PBXGroup section */
		3D0EC95B2D4026D00085514B /* Cells */ = {
			isa = PBXGroup;
			children = (
				3D0EC9702D4037F60085514B /* AddGoalCell.swift */,
				3D0EC96E2D4037370085514B /* ExpenseToBePaidCell.swift */,
				3D0EC9642D4028120085514B /* ExpenseChartCell.swift */,
				3D0EC9602D4027310085514B /* GoalCell.swift */,
				3D0EC95E2D40270F0085514B /* ExpenseCell.swift */,
				3D0EC95C2D4026DE0085514B /* TransactionCell.swift */,
			);
			path = Cells;
			sourceTree = "<group>";
		};
		3D44B4BF2D42A61C00CFB770 /* MoreMenu */ = {
			isa = PBXGroup;
			children = (
				3D44B4C22D42A6AF00CFB770 /* Models */,
				3D44B4C12D42A63C00CFB770 /* ViewModels */,
				3D44B4C02D42A62A00CFB770 /* Views */,
			);
			path = MoreMenu;
			sourceTree = "<group>";
		};
		3D44B4C02D42A62A00CFB770 /* Views */ = {
			isa = PBXGroup;
			children = (
				3D44B4D32D42B05300CFB770 /* CardsAccountsView.swift */,
				3D44B4D12D42B02B00CFB770 /* CardItemView.swift */,
				3D44B4C92D42A72200CFB770 /* MoreMenuView.swift */,
				3D44B4C72D42A70E00CFB770 /* MoreMenuItemRow.swift */,
			);
			path = Views;
			sourceTree = "<group>";
		};
		3D44B4C12D42A63C00CFB770 /* ViewModels */ = {
			isa = PBXGroup;
			children = (
				3D44B4CF2D42B01400CFB770 /* CardsAccountsViewModel.swift */,
				3D44B4C52D42A6EC00CFB770 /* MoreMenuViewModel.swift */,
			);
			path = ViewModels;
			sourceTree = "<group>";
		};
		3D44B4C22D42A6AF00CFB770 /* Models */ = {
			isa = PBXGroup;
			children = (
				3D44B4CD2D42AFE100CFB770 /* BankCard.swift */,
				3D44B4C32D42A6C200CFB770 /* MoreMenuItem.swift */,
				3D8FEA292D3C3D71000360CE /* BankAccount.swift */,
			);
			path = Models;
			sourceTree = "<group>";
		};
		3D73F5A62D3ED98300858131 /* Extentions */ = {
			isa = PBXGroup;
			children = (
				3D73F5A42D3ED98300858131 /* Codable+Dictionary.swift */,
				3D73F5A52D3ED98300858131 /* ColorExtensions.swift */,
			);
			path = Extentions;
			sourceTree = "<group>";
		};
		3D79E2662D3D8A7100268968 /* App */ = {
			isa = PBXGroup;
			children = (
				3D79E2672D3D8B0600268968 /* Resources */,
				3D8FE9F72D3BF4AB000360CE /* AppDelegate.swift */,
				3D8FE9F82D3BF4AB000360CE /* SceneDelegate.swift */,
			);
			path = App;
			sourceTree = "<group>";
		};
		3D79E2672D3D8B0600268968 /* Resources */ = {
			isa = PBXGroup;
			children = (
				3D8FE9FC2D3BF4AB000360CE /* Assets.xcassets */,
				3D8FE9FE2D3BF4AB000360CE /* LaunchScreen.storyboard */,
			);
			path = Resources;
			sourceTree = "<group>";
		};
		3D79E2682D3D8B3700268968 /* Core */ = {
			isa = PBXGroup;
			children = (
				3D8FEA002D3BF4AB000360CE /* Utilities */,
				3D73F5A62D3ED98300858131 /* Extentions */,
			);
			path = Core;
			sourceTree = "<group>";
		};
		3D79E2692D3D8B8200268968 /* Data */ = {
			isa = PBXGroup;
			children = (
				3D8FE9FB2D3BF4AB000360CE /* Models */,
				3D79E26A2D3D8BE700268968 /* Services */,
				3D8FE9FF2D3BF4AB000360CE /* MockData */,
			);
			path = Data;
			sourceTree = "<group>";
		};
		3D79E26A2D3D8BE700268968 /* Services */ = {
			isa = PBXGroup;
			children = (
				3D8FE9FA2D3BF4AB000360CE /* FirebaseConfig */,
			);
			path = Services;
			sourceTree = "<group>";
		};
		3D79E26B2D3D8C4200268968 /* Features */ = {
			isa = PBXGroup;
			children = (
				3D79E26C2D3D8C6800268968 /* Authentication */,
				3D44B4BF2D42A61C00CFB770 /* MoreMenu */,
				3D79E2752D3D8DA700268968 /* Dashboard */,
				3D79E2782D3D8E2200268968 /* Charts */,
				3D79E26F2D3D8CCD00268968 /* Budget */,
				3D79E2722D3D8D0F00268968 /* Transactions */,
			);
			path = Features;
			sourceTree = "<group>";
		};
		3D79E26C2D3D8C6800268968 /* Authentication */ = {
			isa = PBXGroup;
			children = (
				3D79E26D2D3D8C8F00268968 /* Views */,
				3D79E26E2D3D8CAE00268968 /* ViewModels */,
			);
			path = Authentication;
			sourceTree = "<group>";
		};
		3D79E26D2D3D8C8F00268968 /* Views */ = {
			isa = PBXGroup;
			children = (
				3D8FEA022D3BF4AB000360CE /* LoginViewController.swift */,
				3D8FEA032D3BF4AB000360CE /* SignUpViewController.swift */,
			);
			path = Views;
			sourceTree = "<group>";
		};
		3D79E26E2D3D8CAE00268968 /* ViewModels */ = {
			isa = PBXGroup;
			children = (
			);
			path = ViewModels;
			sourceTree = "<group>";
		};
		3D79E26F2D3D8CCD00268968 /* Budget */ = {
			isa = PBXGroup;
			children = (
				3D79E2712D3D8CDE00268968 /* ViewModels */,
				3D79E2702D3D8CD700268968 /* Views */,
			);
			path = Budget;
			sourceTree = "<group>";
		};
		3D79E2702D3D8CD700268968 /* Views */ = {
			isa = PBXGroup;
			children = (
				3D31C42A2D4541E8008AE5B4 /* AddGoalHostingController.swift */,
				3D31C4282D45418B008AE5B4 /* AddGoalView.swift */,
				3D8FEA172D3C2C6F000360CE /* BudgetViewController.swift */,
				3D0EC96C2D4030F50085514B /* BudgetPieChartView.swift */,
				3D0EC95B2D4026D00085514B /* Cells */,
			);
			path = Views;
			sourceTree = "<group>";
		};
		3D79E2712D3D8CDE00268968 /* ViewModels */ = {
			isa = PBXGroup;
			children = (
			);
			path = ViewModels;
			sourceTree = "<group>";
		};
		3D79E2722D3D8D0F00268968 /* Transactions */ = {
			isa = PBXGroup;
			children = (
				3D79E2742D3D8D3E00268968 /* Views */,
				3D79E2732D3D8D3500268968 /* ViewModels */,
			);
			path = Transactions;
			sourceTree = "<group>";
		};
		3D79E2732D3D8D3500268968 /* ViewModels */ = {
			isa = PBXGroup;
			children = (
				3D31C4202D44F458008AE5B4 /* TransactionCategoryCell.swift */,
			);
			path = ViewModels;
			sourceTree = "<group>";
		};
		3D79E2742D3D8D3E00268968 /* Views */ = {
			isa = PBXGroup;
			children = (
				3D8FEA192D3C2C8D000360CE /* AddTransactionViewController.swift */,
				3D79E2452D3CFE6200268968 /* CustomNumberPad.swift */,
			);
			path = Views;
			sourceTree = "<group>";
		};
		3D79E2752D3D8DA700268968 /* Dashboard */ = {
			isa = PBXGroup;
			children = (
				3D79E2772D3D8DBD00268968 /* Views */,
				3D79E2762D3D8DB500268968 /* ViewModels */,
			);
			path = Dashboard;
			sourceTree = "<group>";
		};
		3D79E2762D3D8DB500268968 /* ViewModels */ = {
			isa = PBXGroup;
			children = (
				3D0BCBFA2D3EC5AF00DC38EF /* DashboardModels.swift */,
			);
			path = ViewModels;
			sourceTree = "<group>";
		};
		3D79E2772D3D8DBD00268968 /* Views */ = {
			isa = PBXGroup;
			children = (
				3D8FEA152D3C2C35000360CE /* DashboardView.swift */,
				3D79E2472D3CFE8700268968 /* CategoryCell.swift */,
				3D8FEA1B2D3C2CAE000360CE /* AdvicesView.swift */,
				3D8FEA1D2D3C2CC8000360CE /* MoreViewController.swift */,
			);
			path = Views;
			sourceTree = "<group>";
		};
		3D79E2782D3D8E2200268968 /* Charts */ = {
			isa = PBXGroup;
			children = (
				3D79E2792D3D8E2C00268968 /* Views */,
			);
			path = Charts;
			sourceTree = "<group>";
		};
		3D79E2792D3D8E2C00268968 /* Views */ = {
			isa = PBXGroup;
			children = (
				3D73F5A22D3ED1AF00858131 /* MultiLineChartView.swift */,
				3D79E2572D3D650900268968 /* AreaChartView.swift */,
				3D79E2552D3D64F000268968 /* LineChartView.swift */,
				3D8FEA1F2D3C2D41000360CE /* PieChartView.swift */,
				3D79E2532D3D64DB00268968 /* BarChartView.swift */,
			);
			path = Views;
			sourceTree = "<group>";
		};
		3D79E27A2D3D8E6200268968 /* Navigation */ = {
			isa = PBXGroup;
			children = (
				3D8FEA212D3C2FB0000360CE /* MainTabBarController.swift */,
				3D8FEA132D3C2C02000360CE /* TabBarController.swift */,
				3D44B4CB2D42A81800CFB770 /* MoreMenuHostingController.swift */,
			);
			path = Navigation;
			sourceTree = "<group>";
		};
		3D8FE9A22D3BB303000360CE = {
			isa = PBXGroup;
			children = (
				3D8FEA0E2D3C1FC2000360CE /* GoogleService-Info.plist */,
				3D8FEA062D3BF4AB000360CE /* BudgetTrackerApp */,
				3D8FE9C42D3BB304000360CE /* BudgetTrackerAppTests */,
				3D8FE9AC2D3BB303000360CE /* Products */,
			);
			sourceTree = "<group>";
		};
		3D8FE9AC2D3BB303000360CE /* Products */ = {
			isa = PBXGroup;
			children = (
				3D8FE9AB2D3BB303000360CE /* BudgetTrackerApp.app */,
				3D8FE9C12D3BB304000360CE /* BudgetTrackerAppTests.xctest */,
				3D8FE9CB2D3BB304000360CE /* BudgetTrackerAppUITests.xctest */,
			);
			name = Products;
			sourceTree = "<group>";
		};
		3D8FE9FA2D3BF4AB000360CE /* FirebaseConfig */ = {
			isa = PBXGroup;
			children = (
				3D8FEA2B2D3C3D9E000360CE /* FirebaseManager.swift */,
			);
			path = FirebaseConfig;
			sourceTree = "<group>";
		};
		3D8FE9FB2D3BF4AB000360CE /* Models */ = {
			isa = PBXGroup;
			children = (
				3D0EC9592D4024DA0085514B /* GoalModel.swift */,
				3D0EC9572D4024B80085514B /* ExpenseModel.swift */,
				3D0EC9552D4024790085514B /* TransactionModel.swift */,
				3D8FEA252D3C3D31000360CE /* Budget.swift */,
				3D8FEA232D3C3D15000360CE /* Category.swift */,
			);
			path = Models;
			sourceTree = "<group>";
		};
		3D8FE9FF2D3BF4AB000360CE /* MockData */ = {
			isa = PBXGroup;
			children = (
				3D79E25E2D3D7CED00268968 /* MockTransactions.swift */,
				3D79E2512D3D64B000268968 /* MockDashboardData.swift */,
			);
			path = MockData;
			sourceTree = "<group>";
		};
		3D8FEA002D3BF4AB000360CE /* Utilities */ = {
			isa = PBXGroup;
			children = (
				3D31C4242D450A72008AE5B4 /* UIHelper.swift */,
			);
			path = Utilities;
			sourceTree = "<group>";
		};
		3D8FEA062D3BF4AB000360CE /* BudgetTrackerApp */ = {
			isa = PBXGroup;
			children = (
				3D79E2662D3D8A7100268968 /* App */,
				3D79E2682D3D8B3700268968 /* Core */,
				3D79E2692D3D8B8200268968 /* Data */,
				3D79E26B2D3D8C4200268968 /* Features */,
				3D79E27A2D3D8E6200268968 /* Navigation */,
				3D8FE9BC2D3BB304000360CE /* Info.plist */,
			);
			path = BudgetTrackerApp;
			sourceTree = "<group>";
		};
/* End PBXGroup section */

/* Begin PBXNativeTarget section */
		3D8FE9AA2D3BB303000360CE /* BudgetTrackerApp */ = {
			isa = PBXNativeTarget;
			buildConfigurationList = 3D8FE9D42D3BB304000360CE /* Build configuration list for PBXNativeTarget "BudgetTrackerApp" */;
			buildPhases = (
				3D8FE9A72D3BB303000360CE /* Sources */,
				3D8FE9A82D3BB303000360CE /* Frameworks */,
				3D8FE9A92D3BB303000360CE /* Resources */,
			);
			buildRules = (
			);
			dependencies = (
			);
			name = BudgetTrackerApp;
			packageProductDependencies = (
				3D8FE9EE2D3BEC53000360CE /* FirebaseAuth */,
				3D8FE9F02D3BEC53000360CE /* FirebaseCore */,
				3D8FE9F22D3BEC53000360CE /* FirebaseFirestore */,
			);
			productName = BudgetTrackerApp;
			productReference = 3D8FE9AB2D3BB303000360CE /* BudgetTrackerApp.app */;
			productType = "com.apple.product-type.application";
		};
		3D8FE9C02D3BB304000360CE /* BudgetTrackerAppTests */ = {
			isa = PBXNativeTarget;
			buildConfigurationList = 3D8FE9D92D3BB304000360CE /* Build configuration list for PBXNativeTarget "BudgetTrackerAppTests" */;
			buildPhases = (
				3D8FE9BD2D3BB304000360CE /* Sources */,
				3D8FE9BE2D3BB304000360CE /* Frameworks */,
				3D8FE9BF2D3BB304000360CE /* Resources */,
			);
			buildRules = (
			);
			dependencies = (
				3D8FE9C32D3BB304000360CE /* PBXTargetDependency */,
			);
			fileSystemSynchronizedGroups = (
				3D8FE9C42D3BB304000360CE /* BudgetTrackerAppTests */,
			);
			name = BudgetTrackerAppTests;
			packageProductDependencies = (
			);
			productName = BudgetTrackerAppTests;
			productReference = 3D8FE9C12D3BB304000360CE /* BudgetTrackerAppTests.xctest */;
			productType = "com.apple.product-type.bundle.unit-test";
		};
		3D8FE9CA2D3BB304000360CE /* BudgetTrackerAppUITests */ = {
			isa = PBXNativeTarget;
			buildConfigurationList = 3D8FE9DC2D3BB304000360CE /* Build configuration list for PBXNativeTarget "BudgetTrackerAppUITests" */;
			buildPhases = (
				3D8FE9C72D3BB304000360CE /* Sources */,
				3D8FE9C82D3BB304000360CE /* Frameworks */,
				3D8FE9C92D3BB304000360CE /* Resources */,
			);
			buildRules = (
			);
			dependencies = (
				3D8FE9CD2D3BB304000360CE /* PBXTargetDependency */,
			);
			name = BudgetTrackerAppUITests;
			packageProductDependencies = (
			);
			productName = BudgetTrackerAppUITests;
			productReference = 3D8FE9CB2D3BB304000360CE /* BudgetTrackerAppUITests.xctest */;
			productType = "com.apple.product-type.bundle.ui-testing";
		};
/* End PBXNativeTarget section */

/* Begin PBXProject section */
		3D8FE9A32D3BB303000360CE /* Project object */ = {
			isa = PBXProject;
			attributes = {
				BuildIndependentTargetsInParallel = 1;
				LastSwiftUpdateCheck = 1600;
				LastUpgradeCheck = 1600;
				TargetAttributes = {
					3D8FE9AA2D3BB303000360CE = {
						CreatedOnToolsVersion = 16.0;
					};
					3D8FE9C02D3BB304000360CE = {
						CreatedOnToolsVersion = 16.0;
						TestTargetID = 3D8FE9AA2D3BB303000360CE;
					};
					3D8FE9CA2D3BB304000360CE = {
						CreatedOnToolsVersion = 16.0;
						TestTargetID = 3D8FE9AA2D3BB303000360CE;
					};
				};
			};
			buildConfigurationList = 3D8FE9A62D3BB303000360CE /* Build configuration list for PBXProject "BudgetTrackerApp" */;
			developmentRegion = en;
			hasScannedForEncodings = 0;
			knownRegions = (
				en,
				Base,
			);
			mainGroup = 3D8FE9A22D3BB303000360CE;
			minimizedProjectReferenceProxies = 1;
			packageReferences = (
				3D8FE9ED2D3BEC53000360CE /* XCRemoteSwiftPackageReference "firebase-ios-sdk" */,
			);
			preferredProjectObjectVersion = 77;
			productRefGroup = 3D8FE9AC2D3BB303000360CE /* Products */;
			projectDirPath = "";
			projectRoot = "";
			targets = (
				3D8FE9AA2D3BB303000360CE /* BudgetTrackerApp */,
				3D8FE9C02D3BB304000360CE /* BudgetTrackerAppTests */,
				3D8FE9CA2D3BB304000360CE /* BudgetTrackerAppUITests */,
			);
		};
/* End PBXProject section */

/* Begin PBXResourcesBuildPhase section */
		3D8FE9A92D3BB303000360CE /* Resources */ = {
			isa = PBXResourcesBuildPhase;
			buildActionMask = 2147483647;
			files = (
				3D8FEA122D3C24FE000360CE /* GoogleService-Info.plist in Resources */,
				3D8FEA0C2D3BF4AB000360CE /* Assets.xcassets in Resources */,
				3D8FEA0D2D3BF4AB000360CE /* LaunchScreen.storyboard in Resources */,
			);
			runOnlyForDeploymentPostprocessing = 0;
		};
		3D8FE9BF2D3BB304000360CE /* Resources */ = {
			isa = PBXResourcesBuildPhase;
			buildActionMask = 2147483647;
			files = (
				3D8FEA112D3C1FC2000360CE /* GoogleService-Info.plist in Resources */,
			);
			runOnlyForDeploymentPostprocessing = 0;
		};
		3D8FE9C92D3BB304000360CE /* Resources */ = {
			isa = PBXResourcesBuildPhase;
			buildActionMask = 2147483647;
			files = (
				3D8FEA0F2D3C1FC2000360CE /* GoogleService-Info.plist in Resources */,
			);
			runOnlyForDeploymentPostprocessing = 0;
		};
/* End PBXResourcesBuildPhase section */

/* Begin PBXSourcesBuildPhase section */
		3D8FE9A72D3BB303000360CE /* Sources */ = {
			isa = PBXSourcesBuildPhase;
			buildActionMask = 2147483647;
			files = (
				3D8FEA202D3C2D43000360CE /* PieChartView.swift in Sources */,
				3D8FEA072D3BF4AB000360CE /* AppDelegate.swift in Sources */,
				3D79E25F2D3D7CEF00268968 /* MockTransactions.swift in Sources */,
				3D73F5A72D3ED98300858131 /* Codable+Dictionary.swift in Sources */,
				3D73F5A82D3ED98300858131 /* ColorExtensions.swift in Sources */,
				3D44B4D22D42B02C00CFB770 /* CardItemView.swift in Sources */,
				3D0EC96D2D4030F70085514B /* BudgetPieChartView.swift in Sources */,
				3D79E2562D3D64F200268968 /* LineChartView.swift in Sources */,
				3D44B4C82D42A70F00CFB770 /* MoreMenuItemRow.swift in Sources */,
				3D8FEA262D3C3D33000360CE /* Budget.swift in Sources */,
				3D8FEA082D3BF4AB000360CE /* SceneDelegate.swift in Sources */,
				3D0EC9562D40247C0085514B /* TransactionModel.swift in Sources */,
				3D44B4CA2D42A72400CFB770 /* MoreMenuView.swift in Sources */,
				3D0EC9712D4037F70085514B /* AddGoalCell.swift in Sources */,
				3D8FEA092D3BF4AB000360CE /* LoginViewController.swift in Sources */,
				3D8FEA162D3C2C39000360CE /* DashboardView.swift in Sources */,
				3D0EC95A2D4024DB0085514B /* GoalModel.swift in Sources */,
				3D44B4C62D42A6EE00CFB770 /* MoreMenuViewModel.swift in Sources */,
				3D8FEA1E2D3C2CCB000360CE /* MoreViewController.swift in Sources */,
				3D0EC9612D4027320085514B /* GoalCell.swift in Sources */,
				3D8FEA142D3C2C08000360CE /* TabBarController.swift in Sources */,
				3D0EC96F2D4037380085514B /* ExpenseToBePaidCell.swift in Sources */,
				3D8FEA2A2D3C3D72000360CE /* BankAccount.swift in Sources */,
				3D0EC95F2D4027120085514B /* ExpenseCell.swift in Sources */,
				3D8FEA222D3C2FB2000360CE /* MainTabBarController.swift in Sources */,
				3D79E2582D3D650B00268968 /* AreaChartView.swift in Sources */,
				3D0EC9652D4028140085514B /* ExpenseChartCell.swift in Sources */,
				3D31C4252D450A74008AE5B4 /* UIHelper.swift in Sources */,
				3D8FEA0A2D3BF4AB000360CE /* SignUpViewController.swift in Sources */,
				3D44B4D42D42B05500CFB770 /* CardsAccountsView.swift in Sources */,
				3D8FEA2C2D3C3DA1000360CE /* FirebaseManager.swift in Sources */,
				3D73F5A32D3ED1B100858131 /* MultiLineChartView.swift in Sources */,
				3D44B4C42D42A6CE00CFB770 /* MoreMenuItem.swift in Sources */,
				3D44B4CC2D42A81B00CFB770 /* MoreMenuHostingController.swift in Sources */,
				3D8FEA1A2D3C2C8F000360CE /* AddTransactionViewController.swift in Sources */,
				3D79E2522D3D64B300268968 /* MockDashboardData.swift in Sources */,
				3D31C42B2D4541EA008AE5B4 /* AddGoalHostingController.swift in Sources */,
				3D8FEA1C2D3C2CB1000360CE /* AdvicesView.swift in Sources */,
				3D8FEA182D3C2C72000360CE /* BudgetViewController.swift in Sources */,
				3D31C4212D44F45A008AE5B4 /* TransactionCategoryCell.swift in Sources */,
				3D8FEA242D3C3D17000360CE /* Category.swift in Sources */,
				3D44B4D02D42B01500CFB770 /* CardsAccountsViewModel.swift in Sources */,
				3D0EC95D2D4026DF0085514B /* TransactionCell.swift in Sources */,
				3D31C4292D45418C008AE5B4 /* AddGoalView.swift in Sources */,
				3D44B4CE2D42AFE200CFB770 /* BankCard.swift in Sources */,
				3D0BCBFB2D3EC5B400DC38EF /* DashboardModels.swift in Sources */,
				3D79E2542D3D64DD00268968 /* BarChartView.swift in Sources */,
				3D0EC9582D4024BA0085514B /* ExpenseModel.swift in Sources */,
				3D79E2462D3CFE6400268968 /* CustomNumberPad.swift in Sources */,
				3D79E2482D3CFE8900268968 /* CategoryCell.swift in Sources */,
			);
			runOnlyForDeploymentPostprocessing = 0;
		};
		3D8FE9BD2D3BB304000360CE /* Sources */ = {
			isa = PBXSourcesBuildPhase;
			buildActionMask = 2147483647;
			files = (
			);
			runOnlyForDeploymentPostprocessing = 0;
		};
		3D8FE9C72D3BB304000360CE /* Sources */ = {
			isa = PBXSourcesBuildPhase;
			buildActionMask = 2147483647;
			files = (
			);
			runOnlyForDeploymentPostprocessing = 0;
		};
/* End PBXSourcesBuildPhase section */

/* Begin PBXTargetDependency section */
		3D8FE9C32D3BB304000360CE /* PBXTargetDependency */ = {
			isa = PBXTargetDependency;
			target = 3D8FE9AA2D3BB303000360CE /* BudgetTrackerApp */;
			targetProxy = 3D8FE9C22D3BB304000360CE /* PBXContainerItemProxy */;
		};
		3D8FE9CD2D3BB304000360CE /* PBXTargetDependency */ = {
			isa = PBXTargetDependency;
			target = 3D8FE9AA2D3BB303000360CE /* BudgetTrackerApp */;
			targetProxy = 3D8FE9CC2D3BB304000360CE /* PBXContainerItemProxy */;
		};
/* End PBXTargetDependency section */

/* Begin PBXVariantGroup section */
		3D8FE9FE2D3BF4AB000360CE /* LaunchScreen.storyboard */ = {
			isa = PBXVariantGroup;
			children = (
				3D8FE9FD2D3BF4AB000360CE /* Base */,
			);
			name = LaunchScreen.storyboard;
			sourceTree = "<group>";
		};
/* End PBXVariantGroup section */

/* Begin XCBuildConfiguration section */
		3D8FE9D52D3BB304000360CE /* Debug */ = {
			isa = XCBuildConfiguration;
			buildSettings = {
				ASSETCATALOG_COMPILER_APPICON_NAME = AppIcon;
				ASSETCATALOG_COMPILER_GLOBAL_ACCENT_COLOR_NAME = AccentColor;
				CODE_SIGN_STYLE = Automatic;
				CURRENT_PROJECT_VERSION = 1;
				DEVELOPMENT_TEAM = Z2CC29934X;
				GENERATE_INFOPLIST_FILE = YES;
				INFOPLIST_FILE = BudgetTrackerApp/Info.plist;
				INFOPLIST_KEY_UIApplicationSupportsIndirectInputEvents = YES;
				INFOPLIST_KEY_UILaunchStoryboardName = LaunchScreen;
				INFOPLIST_KEY_UISupportedInterfaceOrientations_iPad = "UIInterfaceOrientationPortrait UIInterfaceOrientationPortraitUpsideDown UIInterfaceOrientationLandscapeLeft UIInterfaceOrientationLandscapeRight";
				INFOPLIST_KEY_UISupportedInterfaceOrientations_iPhone = "UIInterfaceOrientationPortrait UIInterfaceOrientationLandscapeLeft UIInterfaceOrientationLandscapeRight";
				LD_RUNPATH_SEARCH_PATHS = (
					"$(inherited)",
					"@executable_path/Frameworks",
				);
				MARKETING_VERSION = 1.0;
				PRODUCT_BUNDLE_IDENTIFIER = com.tikuna.TikoJishkariani.BudgetTrackerApp;
				PRODUCT_NAME = "$(TARGET_NAME)";
				SWIFT_EMIT_LOC_STRINGS = YES;
				SWIFT_VERSION = 5.0;
				TARGETED_DEVICE_FAMILY = "1,2";
			};
			name = Debug;
		};
		3D8FE9D62D3BB304000360CE /* Release */ = {
			isa = XCBuildConfiguration;
			buildSettings = {
				ASSETCATALOG_COMPILER_APPICON_NAME = AppIcon;
				ASSETCATALOG_COMPILER_GLOBAL_ACCENT_COLOR_NAME = AccentColor;
				CODE_SIGN_STYLE = Automatic;
				CURRENT_PROJECT_VERSION = 1;
				DEVELOPMENT_TEAM = Z2CC29934X;
				GENERATE_INFOPLIST_FILE = YES;
				INFOPLIST_FILE = BudgetTrackerApp/Info.plist;
				INFOPLIST_KEY_UIApplicationSupportsIndirectInputEvents = YES;
				INFOPLIST_KEY_UILaunchStoryboardName = LaunchScreen;
				INFOPLIST_KEY_UISupportedInterfaceOrientations_iPad = "UIInterfaceOrientationPortrait UIInterfaceOrientationPortraitUpsideDown UIInterfaceOrientationLandscapeLeft UIInterfaceOrientationLandscapeRight";
				INFOPLIST_KEY_UISupportedInterfaceOrientations_iPhone = "UIInterfaceOrientationPortrait UIInterfaceOrientationLandscapeLeft UIInterfaceOrientationLandscapeRight";
				LD_RUNPATH_SEARCH_PATHS = (
					"$(inherited)",
					"@executable_path/Frameworks",
				);
				MARKETING_VERSION = 1.0;
				PRODUCT_BUNDLE_IDENTIFIER = com.tikuna.TikoJishkariani.BudgetTrackerApp;
				PRODUCT_NAME = "$(TARGET_NAME)";
				SWIFT_EMIT_LOC_STRINGS = YES;
				SWIFT_VERSION = 5.0;
				TARGETED_DEVICE_FAMILY = "1,2";
			};
			name = Release;
		};
		3D8FE9D72D3BB304000360CE /* Debug */ = {
			isa = XCBuildConfiguration;
			buildSettings = {
				ALWAYS_SEARCH_USER_PATHS = NO;
				ASSETCATALOG_COMPILER_GENERATE_SWIFT_ASSET_SYMBOL_EXTENSIONS = YES;
				CLANG_ANALYZER_NONNULL = YES;
				CLANG_ANALYZER_NUMBER_OBJECT_CONVERSION = YES_AGGRESSIVE;
				CLANG_CXX_LANGUAGE_STANDARD = "gnu++20";
				CLANG_ENABLE_MODULES = YES;
				CLANG_ENABLE_OBJC_ARC = YES;
				CLANG_ENABLE_OBJC_WEAK = YES;
				CLANG_WARN_BLOCK_CAPTURE_AUTORELEASING = YES;
				CLANG_WARN_BOOL_CONVERSION = YES;
				CLANG_WARN_COMMA = YES;
				CLANG_WARN_CONSTANT_CONVERSION = YES;
				CLANG_WARN_DEPRECATED_OBJC_IMPLEMENTATIONS = YES;
				CLANG_WARN_DIRECT_OBJC_ISA_USAGE = YES_ERROR;
				CLANG_WARN_DOCUMENTATION_COMMENTS = YES;
				CLANG_WARN_EMPTY_BODY = YES;
				CLANG_WARN_ENUM_CONVERSION = YES;
				CLANG_WARN_INFINITE_RECURSION = YES;
				CLANG_WARN_INT_CONVERSION = YES;
				CLANG_WARN_NON_LITERAL_NULL_CONVERSION = YES;
				CLANG_WARN_OBJC_IMPLICIT_RETAIN_SELF = YES;
				CLANG_WARN_OBJC_LITERAL_CONVERSION = YES;
				CLANG_WARN_OBJC_ROOT_CLASS = YES_ERROR;
				CLANG_WARN_QUOTED_INCLUDE_IN_FRAMEWORK_HEADER = YES;
				CLANG_WARN_RANGE_LOOP_ANALYSIS = YES;
				CLANG_WARN_STRICT_PROTOTYPES = YES;
				CLANG_WARN_SUSPICIOUS_MOVE = YES;
				CLANG_WARN_UNGUARDED_AVAILABILITY = YES_AGGRESSIVE;
				CLANG_WARN_UNREACHABLE_CODE = YES;
				CLANG_WARN__DUPLICATE_METHOD_MATCH = YES;
				COPY_PHASE_STRIP = NO;
				DEBUG_INFORMATION_FORMAT = dwarf;
				ENABLE_STRICT_OBJC_MSGSEND = YES;
				ENABLE_TESTABILITY = YES;
				ENABLE_USER_SCRIPT_SANDBOXING = YES;
				GCC_C_LANGUAGE_STANDARD = gnu17;
				GCC_DYNAMIC_NO_PIC = NO;
				GCC_NO_COMMON_BLOCKS = YES;
				GCC_OPTIMIZATION_LEVEL = 0;
				GCC_PREPROCESSOR_DEFINITIONS = (
					"DEBUG=1",
					"$(inherited)",
				);
				GCC_WARN_64_TO_32_BIT_CONVERSION = YES;
				GCC_WARN_ABOUT_RETURN_TYPE = YES_ERROR;
				GCC_WARN_UNDECLARED_SELECTOR = YES;
				GCC_WARN_UNINITIALIZED_AUTOS = YES_AGGRESSIVE;
				GCC_WARN_UNUSED_FUNCTION = YES;
				GCC_WARN_UNUSED_VARIABLE = YES;
				IPHONEOS_DEPLOYMENT_TARGET = 18.0;
				LOCALIZATION_PREFERS_STRING_CATALOGS = YES;
				MTL_ENABLE_DEBUG_INFO = INCLUDE_SOURCE;
				MTL_FAST_MATH = YES;
				ONLY_ACTIVE_ARCH = YES;
				SDKROOT = iphoneos;
				SWIFT_ACTIVE_COMPILATION_CONDITIONS = "DEBUG $(inherited)";
				SWIFT_OPTIMIZATION_LEVEL = "-Onone";
			};
			name = Debug;
		};
		3D8FE9D82D3BB304000360CE /* Release */ = {
			isa = XCBuildConfiguration;
			buildSettings = {
				ALWAYS_SEARCH_USER_PATHS = NO;
				ASSETCATALOG_COMPILER_GENERATE_SWIFT_ASSET_SYMBOL_EXTENSIONS = YES;
				CLANG_ANALYZER_NONNULL = YES;
				CLANG_ANALYZER_NUMBER_OBJECT_CONVERSION = YES_AGGRESSIVE;
				CLANG_CXX_LANGUAGE_STANDARD = "gnu++20";
				CLANG_ENABLE_MODULES = YES;
				CLANG_ENABLE_OBJC_ARC = YES;
				CLANG_ENABLE_OBJC_WEAK = YES;
				CLANG_WARN_BLOCK_CAPTURE_AUTORELEASING = YES;
				CLANG_WARN_BOOL_CONVERSION = YES;
				CLANG_WARN_COMMA = YES;
				CLANG_WARN_CONSTANT_CONVERSION = YES;
				CLANG_WARN_DEPRECATED_OBJC_IMPLEMENTATIONS = YES;
				CLANG_WARN_DIRECT_OBJC_ISA_USAGE = YES_ERROR;
				CLANG_WARN_DOCUMENTATION_COMMENTS = YES;
				CLANG_WARN_EMPTY_BODY = YES;
				CLANG_WARN_ENUM_CONVERSION = YES;
				CLANG_WARN_INFINITE_RECURSION = YES;
				CLANG_WARN_INT_CONVERSION = YES;
				CLANG_WARN_NON_LITERAL_NULL_CONVERSION = YES;
				CLANG_WARN_OBJC_IMPLICIT_RETAIN_SELF = YES;
				CLANG_WARN_OBJC_LITERAL_CONVERSION = YES;
				CLANG_WARN_OBJC_ROOT_CLASS = YES_ERROR;
				CLANG_WARN_QUOTED_INCLUDE_IN_FRAMEWORK_HEADER = YES;
				CLANG_WARN_RANGE_LOOP_ANALYSIS = YES;
				CLANG_WARN_STRICT_PROTOTYPES = YES;
				CLANG_WARN_SUSPICIOUS_MOVE = YES;
				CLANG_WARN_UNGUARDED_AVAILABILITY = YES_AGGRESSIVE;
				CLANG_WARN_UNREACHABLE_CODE = YES;
				CLANG_WARN__DUPLICATE_METHOD_MATCH = YES;
				COPY_PHASE_STRIP = NO;
				DEBUG_INFORMATION_FORMAT = "dwarf-with-dsym";
				ENABLE_NS_ASSERTIONS = NO;
				ENABLE_STRICT_OBJC_MSGSEND = YES;
				ENABLE_USER_SCRIPT_SANDBOXING = YES;
				GCC_C_LANGUAGE_STANDARD = gnu17;
				GCC_NO_COMMON_BLOCKS = YES;
				GCC_WARN_64_TO_32_BIT_CONVERSION = YES;
				GCC_WARN_ABOUT_RETURN_TYPE = YES_ERROR;
				GCC_WARN_UNDECLARED_SELECTOR = YES;
				GCC_WARN_UNINITIALIZED_AUTOS = YES_AGGRESSIVE;
				GCC_WARN_UNUSED_FUNCTION = YES;
				GCC_WARN_UNUSED_VARIABLE = YES;
				IPHONEOS_DEPLOYMENT_TARGET = 18.0;
				LOCALIZATION_PREFERS_STRING_CATALOGS = YES;
				MTL_ENABLE_DEBUG_INFO = NO;
				MTL_FAST_MATH = YES;
				SDKROOT = iphoneos;
				SWIFT_COMPILATION_MODE = wholemodule;
				VALIDATE_PRODUCT = YES;
			};
			name = Release;
		};
		3D8FE9DA2D3BB304000360CE /* Debug */ = {
			isa = XCBuildConfiguration;
			buildSettings = {
				BUNDLE_LOADER = "$(TEST_HOST)";
				CODE_SIGN_STYLE = Automatic;
				CURRENT_PROJECT_VERSION = 1;
				DEVELOPMENT_TEAM = Z2CC29934X;
				GENERATE_INFOPLIST_FILE = YES;
				IPHONEOS_DEPLOYMENT_TARGET = 18.0;
				MARKETING_VERSION = 1.0;
				PRODUCT_BUNDLE_IDENTIFIER = com.tikuna.TikoJishkariani.BudgetTrackerAppTests;
				PRODUCT_NAME = "$(TARGET_NAME)";
				SWIFT_EMIT_LOC_STRINGS = NO;
				SWIFT_VERSION = 5.0;
				TARGETED_DEVICE_FAMILY = "1,2";
				TEST_HOST = "$(BUILT_PRODUCTS_DIR)/BudgetTrackerApp.app/$(BUNDLE_EXECUTABLE_FOLDER_PATH)/BudgetTrackerApp";
			};
			name = Debug;
		};
		3D8FE9DB2D3BB304000360CE /* Release */ = {
			isa = XCBuildConfiguration;
			buildSettings = {
				BUNDLE_LOADER = "$(TEST_HOST)";
				CODE_SIGN_STYLE = Automatic;
				CURRENT_PROJECT_VERSION = 1;
				DEVELOPMENT_TEAM = Z2CC29934X;
				GENERATE_INFOPLIST_FILE = YES;
				IPHONEOS_DEPLOYMENT_TARGET = 18.0;
				MARKETING_VERSION = 1.0;
				PRODUCT_BUNDLE_IDENTIFIER = com.tikuna.TikoJishkariani.BudgetTrackerAppTests;
				PRODUCT_NAME = "$(TARGET_NAME)";
				SWIFT_EMIT_LOC_STRINGS = NO;
				SWIFT_VERSION = 5.0;
				TARGETED_DEVICE_FAMILY = "1,2";
				TEST_HOST = "$(BUILT_PRODUCTS_DIR)/BudgetTrackerApp.app/$(BUNDLE_EXECUTABLE_FOLDER_PATH)/BudgetTrackerApp";
			};
			name = Release;
		};
		3D8FE9DD2D3BB304000360CE /* Debug */ = {
			isa = XCBuildConfiguration;
			buildSettings = {
				CODE_SIGN_STYLE = Automatic;
				CURRENT_PROJECT_VERSION = 1;
				DEVELOPMENT_TEAM = Z2CC29934X;
				GENERATE_INFOPLIST_FILE = YES;
				MARKETING_VERSION = 1.0;
				PRODUCT_BUNDLE_IDENTIFIER = com.tikuna.TikoJishkariani.BudgetTrackerAppUITests;
				PRODUCT_NAME = "$(TARGET_NAME)";
				SWIFT_EMIT_LOC_STRINGS = NO;
				SWIFT_VERSION = 5.0;
				TARGETED_DEVICE_FAMILY = "1,2";
				TEST_TARGET_NAME = BudgetTrackerApp;
			};
			name = Debug;
		};
		3D8FE9DE2D3BB304000360CE /* Release */ = {
			isa = XCBuildConfiguration;
			buildSettings = {
				CODE_SIGN_STYLE = Automatic;
				CURRENT_PROJECT_VERSION = 1;
				DEVELOPMENT_TEAM = Z2CC29934X;
				GENERATE_INFOPLIST_FILE = YES;
				MARKETING_VERSION = 1.0;
				PRODUCT_BUNDLE_IDENTIFIER = com.tikuna.TikoJishkariani.BudgetTrackerAppUITests;
				PRODUCT_NAME = "$(TARGET_NAME)";
				SWIFT_EMIT_LOC_STRINGS = NO;
				SWIFT_VERSION = 5.0;
				TARGETED_DEVICE_FAMILY = "1,2";
				TEST_TARGET_NAME = BudgetTrackerApp;
			};
			name = Release;
		};
/* End XCBuildConfiguration section */

/* Begin XCConfigurationList section */
		3D8FE9A62D3BB303000360CE /* Build configuration list for PBXProject "BudgetTrackerApp" */ = {
			isa = XCConfigurationList;
			buildConfigurations = (
				3D8FE9D72D3BB304000360CE /* Debug */,
				3D8FE9D82D3BB304000360CE /* Release */,
			);
			defaultConfigurationIsVisible = 0;
			defaultConfigurationName = Release;
		};
		3D8FE9D42D3BB304000360CE /* Build configuration list for PBXNativeTarget "BudgetTrackerApp" */ = {
			isa = XCConfigurationList;
			buildConfigurations = (
				3D8FE9D52D3BB304000360CE /* Debug */,
				3D8FE9D62D3BB304000360CE /* Release */,
			);
			defaultConfigurationIsVisible = 0;
			defaultConfigurationName = Release;
		};
		3D8FE9D92D3BB304000360CE /* Build configuration list for PBXNativeTarget "BudgetTrackerAppTests" */ = {
			isa = XCConfigurationList;
			buildConfigurations = (
				3D8FE9DA2D3BB304000360CE /* Debug */,
				3D8FE9DB2D3BB304000360CE /* Release */,
			);
			defaultConfigurationIsVisible = 0;
			defaultConfigurationName = Release;
		};
		3D8FE9DC2D3BB304000360CE /* Build configuration list for PBXNativeTarget "BudgetTrackerAppUITests" */ = {
			isa = XCConfigurationList;
			buildConfigurations = (
				3D8FE9DD2D3BB304000360CE /* Debug */,
				3D8FE9DE2D3BB304000360CE /* Release */,
			);
			defaultConfigurationIsVisible = 0;
			defaultConfigurationName = Release;
		};
/* End XCConfigurationList section */

/* Begin XCRemoteSwiftPackageReference section */
		3D8FE9ED2D3BEC53000360CE /* XCRemoteSwiftPackageReference "firebase-ios-sdk" */ = {
			isa = XCRemoteSwiftPackageReference;
			repositoryURL = "https://github.com/firebase/firebase-ios-sdk";
			requirement = {
				kind = upToNextMajorVersion;
				minimumVersion = 11.7.0;
			};
		};
/* End XCRemoteSwiftPackageReference section */

/* Begin XCSwiftPackageProductDependency section */
		3D8FE9EE2D3BEC53000360CE /* FirebaseAuth */ = {
			isa = XCSwiftPackageProductDependency;
			package = 3D8FE9ED2D3BEC53000360CE /* XCRemoteSwiftPackageReference "firebase-ios-sdk" */;
			productName = FirebaseAuth;
		};
		3D8FE9F02D3BEC53000360CE /* FirebaseCore */ = {
			isa = XCSwiftPackageProductDependency;
			package = 3D8FE9ED2D3BEC53000360CE /* XCRemoteSwiftPackageReference "firebase-ios-sdk" */;
			productName = FirebaseCore;
		};
		3D8FE9F22D3BEC53000360CE /* FirebaseFirestore */ = {
			isa = XCSwiftPackageProductDependency;
			package = 3D8FE9ED2D3BEC53000360CE /* XCRemoteSwiftPackageReference "firebase-ios-sdk" */;
			productName = FirebaseFirestore;
		};
/* End XCSwiftPackageProductDependency section */
	};
	rootObject = 3D8FE9A32D3BB303000360CE /* Project object */;
}
